
Microsoft Visual Studio Solution File, Format Version 12.00
# Visual Studio 15
VisualStudioVersion = 15.0.27130.2026
MinimumVisualStudioVersion = 10.0.40219.1
Project("{FAE04EC0-301F-11D3-BF4B-00C04F79EFBC}") = "EBSWebsiteAutomation", "EBSWebsiteAutomation\EBSWebsiteAutomation.csproj", "{A8EC3CF1-1E6F-4B61-AA21-80F24DF05907}"
EndProject
Global
	GlobalSection(SolutionConfigurationPlatforms) = preSolution
		Debug|Any CPU = Debug|Any CPU
		Release|Any CPU = Release|Any CPU
	EndGlobalSection
	GlobalSection(ProjectConfigurationPlatforms) = postSolution
		{A8EC3CF1-1E6F-4B61-AA21-80F24DF05907}.Debug|Any CPU.ActiveCfg = Debug|Any CPU
		{A8EC3CF1-1E6F-4B61-AA21-80F24DF05907}.Debug|Any CPU.Build.0 = Debug|Any CPU
		{A8EC3CF1-1E6F-4B61-AA21-80F24DF05907}.Release|Any CPU.ActiveCfg = Release|Any CPU
		{A8EC3CF1-1E6F-4B61-AA21-80F24DF05907}.Release|Any CPU.Build.0 = Release|Any CPU
	EndGlobalSection
	GlobalSection(SolutionProperties) = preSolution
		HideSolutionNode = FALSE
	EndGlobalSection
	GlobalSection(ExtensibilityGlobals) = postSolution
		SolutionGuid = {A0C62AFB-7809-44BE-A888-55839E1FF02B}
	EndGlobalSection
EndGlobal
