
Microsoft Visual Studio Solution File, Format Version 12.00
# Visual Studio 15
VisualStudioVersion = 15.0.27130.2010
MinimumVisualStudioVersion = 10.0.40219.1
Project("{9A19103F-16F7-4668-BE54-9A1E7A4F7556}") = "HiperStreamInvoice.Core", "HiperStreamInvoice.Core\HiperStreamInvoice.Core.csproj", "{4E4DB167-3129-4A0B-8BE0-FFB29360D1A4}"
EndProject
Project("{FAE04EC0-301F-11D3-BF4B-00C04F79EFBC}") = "HiperStreamInvoice.Tests", "HiperStreamInvoice.Tests\HiperStreamInvoice.Tests.csproj", "{90D01A16-BCB2-438B-A0AA-A0E073901A24}"
EndProject
Global
	GlobalSection(SolutionConfigurationPlatforms) = preSolution
		Debug|Any CPU = Debug|Any CPU
		Release|Any CPU = Release|Any CPU
	EndGlobalSection
	GlobalSection(ProjectConfigurationPlatforms) = postSolution
		{4E4DB167-3129-4A0B-8BE0-FFB29360D1A4}.Debug|Any CPU.ActiveCfg = Debug|Any CPU
		{4E4DB167-3129-4A0B-8BE0-FFB29360D1A4}.Debug|Any CPU.Build.0 = Debug|Any CPU
		{4E4DB167-3129-4A0B-8BE0-FFB29360D1A4}.Release|Any CPU.ActiveCfg = Release|Any CPU
		{4E4DB167-3129-4A0B-8BE0-FFB29360D1A4}.Release|Any CPU.Build.0 = Release|Any CPU
		{90D01A16-BCB2-438B-A0AA-A0E073901A24}.Debug|Any CPU.ActiveCfg = Debug|Any CPU
		{90D01A16-BCB2-438B-A0AA-A0E073901A24}.Debug|Any CPU.Build.0 = Debug|Any CPU
		{90D01A16-BCB2-438B-A0AA-A0E073901A24}.Release|Any CPU.ActiveCfg = Release|Any CPU
		{90D01A16-BCB2-438B-A0AA-A0E073901A24}.Release|Any CPU.Build.0 = Release|Any CPU
	EndGlobalSection
	GlobalSection(SolutionProperties) = preSolution
		HideSolutionNode = FALSE
	EndGlobalSection
	GlobalSection(ExtensibilityGlobals) = postSolution
		SolutionGuid = {6C4892E4-E152-46F7-8FC9-A2200B007A7C}
	EndGlobalSection
EndGlobal
