
Microsoft Visual Studio Solution File, Format Version 12.00
# Visual Studio 15
VisualStudioVersion = 15.0.26430.16
MinimumVisualStudioVersion = 10.0.40219.1
Project("{9A19103F-16F7-4668-BE54-9A1E7A4F7556}") = "AllianceReservations.Tests", "test\AllianceReservations.Tests.csproj", "{420AF1B1-93AE-402E-9600-3755E3C7D44B}"
EndProject
Project("{9A19103F-16F7-4668-BE54-9A1E7A4F7556}") = "AllianceReservations", "src\AllianceReservations.csproj", "{E2902C55-130E-4230-9721-7208CF4AFA69}"
EndProject
Project("{FAE04EC0-301F-11D3-BF4B-00C04F79EFBC}") = "AllianceReservations.Console", "src\AllianceReservations.Console\AllianceReservations.Console.csproj", "{8BF169C6-32FE-4F47-8E83-72B5945AD616}"
EndProject
Global
	GlobalSection(SolutionConfigurationPlatforms) = preSolution
		Debug|Any CPU = Debug|Any CPU
		Release|Any CPU = Release|Any CPU
	EndGlobalSection
	GlobalSection(ProjectConfigurationPlatforms) = postSolution
		{420AF1B1-93AE-402E-9600-3755E3C7D44B}.Debug|Any CPU.ActiveCfg = Debug|Any CPU
		{420AF1B1-93AE-402E-9600-3755E3C7D44B}.Debug|Any CPU.Build.0 = Debug|Any CPU
		{420AF1B1-93AE-402E-9600-3755E3C7D44B}.Release|Any CPU.ActiveCfg = Release|Any CPU
		{420AF1B1-93AE-402E-9600-3755E3C7D44B}.Release|Any CPU.Build.0 = Release|Any CPU
		{E2902C55-130E-4230-9721-7208CF4AFA69}.Debug|Any CPU.ActiveCfg = Debug|Any CPU
		{E2902C55-130E-4230-9721-7208CF4AFA69}.Debug|Any CPU.Build.0 = Debug|Any CPU
		{E2902C55-130E-4230-9721-7208CF4AFA69}.Release|Any CPU.ActiveCfg = Release|Any CPU
		{E2902C55-130E-4230-9721-7208CF4AFA69}.Release|Any CPU.Build.0 = Release|Any CPU
		{8BF169C6-32FE-4F47-8E83-72B5945AD616}.Debug|Any CPU.ActiveCfg = Debug|Any CPU
		{8BF169C6-32FE-4F47-8E83-72B5945AD616}.Debug|Any CPU.Build.0 = Debug|Any CPU
		{8BF169C6-32FE-4F47-8E83-72B5945AD616}.Release|Any CPU.ActiveCfg = Release|Any CPU
		{8BF169C6-32FE-4F47-8E83-72B5945AD616}.Release|Any CPU.Build.0 = Release|Any CPU
	EndGlobalSection
	GlobalSection(SolutionProperties) = preSolution
		HideSolutionNode = FALSE
	EndGlobalSection
EndGlobal
