
Microsoft Visual Studio Solution File, Format Version 12.00
# Visual Studio 15
VisualStudioVersion = 15.0.26730.16
MinimumVisualStudioVersion = 10.0.40219.1
Project("{FAE04EC0-301F-11D3-BF4B-00C04F79EFBC}") = "MVPSampleBLL", "MVPSampleBLL\MVPSampleBLL.csproj", "{4A117005-791E-4028-BC5D-62B51D552480}"
EndProject
Project("{FAE04EC0-301F-11D3-BF4B-00C04F79EFBC}") = "MVPSample", "MVPSample\MVPSample.csproj", "{62F4BB11-FF83-422A-83BC-7E096A23F741}"
EndProject
Global
	GlobalSection(SolutionConfigurationPlatforms) = preSolution
		Debug|Any CPU = Debug|Any CPU
		Release|Any CPU = Release|Any CPU
	EndGlobalSection
	GlobalSection(ProjectConfigurationPlatforms) = postSolution
		{4A117005-791E-4028-BC5D-62B51D552480}.Debug|Any CPU.ActiveCfg = Debug|Any CPU
		{4A117005-791E-4028-BC5D-62B51D552480}.Debug|Any CPU.Build.0 = Debug|Any CPU
		{4A117005-791E-4028-BC5D-62B51D552480}.Release|Any CPU.ActiveCfg = Release|Any CPU
		{4A117005-791E-4028-BC5D-62B51D552480}.Release|Any CPU.Build.0 = Release|Any CPU
		{62F4BB11-FF83-422A-83BC-7E096A23F741}.Debug|Any CPU.ActiveCfg = Debug|Any CPU
		{62F4BB11-FF83-422A-83BC-7E096A23F741}.Debug|Any CPU.Build.0 = Debug|Any CPU
		{62F4BB11-FF83-422A-83BC-7E096A23F741}.Release|Any CPU.ActiveCfg = Release|Any CPU
		{62F4BB11-FF83-422A-83BC-7E096A23F741}.Release|Any CPU.Build.0 = Release|Any CPU
	EndGlobalSection
	GlobalSection(SolutionProperties) = preSolution
		HideSolutionNode = FALSE
	EndGlobalSection
	GlobalSection(ExtensibilityGlobals) = postSolution
		SolutionGuid = {E997CF83-32CA-4278-9039-CB57D1948A47}
	EndGlobalSection
EndGlobal
