
Microsoft Visual Studio Solution File, Format Version 12.00
# Visual Studio 15
VisualStudioVersion = 15.0.27130.2010
MinimumVisualStudioVersion = 10.0.40219.1
Project("{9A19103F-16F7-4668-BE54-9A1E7A4F7556}") = "AgileContent.Core", "AgileContent\AgileContent.Core.csproj", "{C58E8EB2-FD2F-4D86-999F-0C65D6517267}"
EndProject
Project("{9A19103F-16F7-4668-BE54-9A1E7A4F7556}") = "AgileContent.Tests", "AgileContent.Tests\AgileContent.Tests.csproj", "{7A75D8C8-0290-40B6-886C-D8BFF79F3D92}"
EndProject
Project("{9A19103F-16F7-4668-BE54-9A1E7A4F7556}") = "AgileContent.API", "AgileContent.API\AgileContent.API.csproj", "{EA616D57-6343-4441-87F0-A7CEC4ED8E84}"
EndProject
Global
	GlobalSection(SolutionConfigurationPlatforms) = preSolution
		Debug|Any CPU = Debug|Any CPU
		Release|Any CPU = Release|Any CPU
	EndGlobalSection
	GlobalSection(ProjectConfigurationPlatforms) = postSolution
		{C58E8EB2-FD2F-4D86-999F-0C65D6517267}.Debug|Any CPU.ActiveCfg = Debug|Any CPU
		{C58E8EB2-FD2F-4D86-999F-0C65D6517267}.Debug|Any CPU.Build.0 = Debug|Any CPU
		{C58E8EB2-FD2F-4D86-999F-0C65D6517267}.Release|Any CPU.ActiveCfg = Release|Any CPU
		{C58E8EB2-FD2F-4D86-999F-0C65D6517267}.Release|Any CPU.Build.0 = Release|Any CPU
		{7A75D8C8-0290-40B6-886C-D8BFF79F3D92}.Debug|Any CPU.ActiveCfg = Debug|Any CPU
		{7A75D8C8-0290-40B6-886C-D8BFF79F3D92}.Debug|Any CPU.Build.0 = Debug|Any CPU
		{7A75D8C8-0290-40B6-886C-D8BFF79F3D92}.Release|Any CPU.ActiveCfg = Release|Any CPU
		{7A75D8C8-0290-40B6-886C-D8BFF79F3D92}.Release|Any CPU.Build.0 = Release|Any CPU
		{EA616D57-6343-4441-87F0-A7CEC4ED8E84}.Debug|Any CPU.ActiveCfg = Debug|Any CPU
		{EA616D57-6343-4441-87F0-A7CEC4ED8E84}.Debug|Any CPU.Build.0 = Debug|Any CPU
		{EA616D57-6343-4441-87F0-A7CEC4ED8E84}.Release|Any CPU.ActiveCfg = Release|Any CPU
		{EA616D57-6343-4441-87F0-A7CEC4ED8E84}.Release|Any CPU.Build.0 = Release|Any CPU
	EndGlobalSection
	GlobalSection(SolutionProperties) = preSolution
		HideSolutionNode = FALSE
	EndGlobalSection
	GlobalSection(ExtensibilityGlobals) = postSolution
		SolutionGuid = {EBC8589D-B0AA-4602-939E-979E47B4EF03}
	EndGlobalSection
EndGlobal
